{
  "version": 4,
  "terraform_version": "1.1.7",
  "serial": 112,
  "lineage": "c910f02c-3b10-d63d-7b07-57beaa922e76",
  "outputs": {},
  "resources": [
    {
      "mode": "data",
      "type": "azurerm_public_ip",
      "name": "IP-exe",
      "provider": "provider[\"registry.terraform.io/hashicorp/azurerm\"]",
      "instances": [
        {
          "schema_version": 0,
          "attributes": {
            "allocation_method": "Static",
            "domain_name_label": "",
            "fqdn": "",
            "id": "/subscriptions/26c78c87-bb2a-41aa-98d6-c27e62abcfb8/resourceGroups/aulainfracloudterraform/providers/Microsoft.Network/publicIPAddresses/IP-Infra",
            "idle_timeout_in_minutes": 4,
            "ip_address": "20.211.24.100",
            "ip_tags": {},
            "ip_version": "IPv4",
            "location": "australiaeast",
            "name": "IP-Infra",
            "resource_group_name": "aulainfracloudterraform",
            "reverse_fqdn": "",
            "sku": "Basic",
            "tags": {
              "environment": "Production"
            },
            "timeouts": null,
            "zones": []
          },
          "sensitive_attributes": []
        }
      ]
    },
    {
      "mode": "managed",
      "type": "azurerm_network_interface",
      "name": "nic-ex-infra",
      "provider": "provider[\"registry.terraform.io/hashicorp/azurerm\"]",
      "instances": [
        {
          "schema_version": 0,
          "attributes": {
            "applied_dns_servers": [],
            "dns_servers": [],
            "edge_zone": "",
            "enable_accelerated_networking": false,
            "enable_ip_forwarding": false,
            "id": "/subscriptions/26c78c87-bb2a-41aa-98d6-c27e62abcfb8/resourceGroups/aulainfracloudterraform/providers/Microsoft.Network/networkInterfaces/nic-ex-infra",
            "internal_dns_name_label": "",
            "internal_domain_name_suffix": "tzniu3q4fv1upnvc3p4ellxpqa.px.internal.cloudapp.net",
            "ip_configuration": [
              {
                "gateway_load_balancer_frontend_ip_configuration_id": "",
                "name": "ip-teste-nic",
                "primary": true,
                "private_ip_address": "10.0.1.4",
                "private_ip_address_allocation": "Dynamic",
                "private_ip_address_version": "IPv4",
                "public_ip_address_id": "/subscriptions/26c78c87-bb2a-41aa-98d6-c27e62abcfb8/resourceGroups/aulainfracloudterraform/providers/Microsoft.Network/publicIPAddresses/IP-Infra",
                "subnet_id": "/subscriptions/26c78c87-bb2a-41aa-98d6-c27e62abcfb8/resourceGroups/aulainfracloudterraform/providers/Microsoft.Network/virtualNetworks/vnet-auexercicio/subnets/sub-exercicio"
              }
            ],
            "location": "australiaeast",
            "mac_address": "00-22-48-93-D4-53",
            "name": "nic-ex-infra",
            "private_ip_address": "10.0.1.4",
            "private_ip_addresses": [
              "10.0.1.4"
            ],
            "resource_group_name": "aulainfracloudterraform",
            "tags": {},
            "timeouts": null,
            "virtual_machine_id": "/subscriptions/26c78c87-bb2a-41aa-98d6-c27e62abcfb8/resourceGroups/aulainfracloudterraform/providers/Microsoft.Compute/virtualMachines/vmaula"
          },
          "sensitive_attributes": [],
          "private": "eyJlMmJmYjczMC1lY2FhLTExZTYtOGY4OC0zNDM2M2JjN2M0YzAiOnsiY3JlYXRlIjoxODAwMDAwMDAwMDAwLCJkZWxldGUiOjE4MDAwMDAwMDAwMDAsInJlYWQiOjMwMDAwMDAwMDAwMCwidXBkYXRlIjoxODAwMDAwMDAwMDAwfX0=",
          "dependencies": [
            "azurerm_public_ip.IP_Infra",
            "azurerm_resource_group.rg-aulainfracould",
            "azurerm_subnet.sub-exercicio-infra",
            "azurerm_virtual_network.vnet-aula-infra-cloud"
          ]
        }
      ]
    },
    {
      "mode": "managed",
      "type": "azurerm_network_interface_security_group_association",
      "name": "nic-nsg-infra",
      "provider": "provider[\"registry.terraform.io/hashicorp/azurerm\"]",
      "instances": [
        {
          "schema_version": 0,
          "attributes": {
            "id": "/subscriptions/26c78c87-bb2a-41aa-98d6-c27e62abcfb8/resourceGroups/aulainfracloudterraform/providers/Microsoft.Network/networkInterfaces/nic-ex-infra|/subscriptions/26c78c87-bb2a-41aa-98d6-c27e62abcfb8/resourceGroups/aulainfracloudterraform/providers/Microsoft.Network/networkSecurityGroups/msg-aulainfra",
            "network_interface_id": "/subscriptions/26c78c87-bb2a-41aa-98d6-c27e62abcfb8/resourceGroups/aulainfracloudterraform/providers/Microsoft.Network/networkInterfaces/nic-ex-infra",
            "network_security_group_id": "/subscriptions/26c78c87-bb2a-41aa-98d6-c27e62abcfb8/resourceGroups/aulainfracloudterraform/providers/Microsoft.Network/networkSecurityGroups/msg-aulainfra",
            "timeouts": null
          },
          "sensitive_attributes": [],
          "private": "eyJlMmJmYjczMC1lY2FhLTExZTYtOGY4OC0zNDM2M2JjN2M0YzAiOnsiY3JlYXRlIjoxODAwMDAwMDAwMDAwLCJkZWxldGUiOjE4MDAwMDAwMDAwMDAsInJlYWQiOjMwMDAwMDAwMDAwMCwidXBkYXRlIjoxODAwMDAwMDAwMDAwfX0=",
          "dependencies": [
            "azurerm_network_interface.nic-ex-infra",
            "azurerm_network_security_group.msg-infracloud",
            "azurerm_public_ip.IP_Infra",
            "azurerm_resource_group.rg-aulainfracould",
            "azurerm_subnet.sub-exercicio-infra",
            "azurerm_virtual_network.vnet-aula-infra-cloud"
          ]
        }
      ]
    },
    {
      "mode": "managed",
      "type": "azurerm_network_security_group",
      "name": "msg-infracloud",
      "provider": "provider[\"registry.terraform.io/hashicorp/azurerm\"]",
      "instances": [
        {
          "schema_version": 0,
          "attributes": {
            "id": "/subscriptions/26c78c87-bb2a-41aa-98d6-c27e62abcfb8/resourceGroups/aulainfracloudterraform/providers/Microsoft.Network/networkSecurityGroups/msg-aulainfra",
            "location": "australiaeast",
            "name": "msg-aulainfra",
            "resource_group_name": "aulainfracloudterraform",
            "security_rule": [
              {
                "access": "Allow",
                "description": "",
                "destination_address_prefix": "*",
                "destination_address_prefixes": [],
                "destination_application_security_group_ids": [],
                "destination_port_range": "22",
                "destination_port_ranges": [],
                "direction": "Inbound",
                "name": "SSH",
                "priority": 100,
                "protocol": "Tcp",
                "source_address_prefix": "*",
                "source_address_prefixes": [],
                "source_application_security_group_ids": [],
                "source_port_range": "*",
                "source_port_ranges": []
              },
              {
                "access": "Allow",
                "description": "",
                "destination_address_prefix": "*",
                "destination_address_prefixes": [],
                "destination_application_security_group_ids": [],
                "destination_port_range": "80",
                "destination_port_ranges": [],
                "direction": "Inbound",
                "name": "web",
                "priority": 1003,
                "protocol": "Tcp",
                "source_address_prefix": "*",
                "source_address_prefixes": [],
                "source_application_security_group_ids": [],
                "source_port_range": "*",
                "source_port_ranges": []
              }
            ],
            "tags": {
              "environment": "Production"
            },
            "timeouts": null
          },
          "sensitive_attributes": [],
          "private": "eyJlMmJmYjczMC1lY2FhLTExZTYtOGY4OC0zNDM2M2JjN2M0YzAiOnsiY3JlYXRlIjoxODAwMDAwMDAwMDAwLCJkZWxldGUiOjE4MDAwMDAwMDAwMDAsInJlYWQiOjMwMDAwMDAwMDAwMCwidXBkYXRlIjoxODAwMDAwMDAwMDAwfX0=",
          "dependencies": [
            "azurerm_resource_group.rg-aulainfracould"
          ]
        }
      ]
    },
    {
      "mode": "managed",
      "type": "azurerm_public_ip",
      "name": "IP_Infra",
      "provider": "provider[\"registry.terraform.io/hashicorp/azurerm\"]",
      "instances": [
        {
          "schema_version": 0,
          "attributes": {
            "allocation_method": "Static",
            "domain_name_label": null,
            "edge_zone": "",
            "fqdn": null,
            "id": "/subscriptions/26c78c87-bb2a-41aa-98d6-c27e62abcfb8/resourceGroups/aulainfracloudterraform/providers/Microsoft.Network/publicIPAddresses/IP-Infra",
            "idle_timeout_in_minutes": 4,
            "ip_address": "20.211.24.100",
            "ip_tags": {},
            "ip_version": "IPv4",
            "location": "australiaeast",
            "name": "IP-Infra",
            "public_ip_prefix_id": null,
            "resource_group_name": "aulainfracloudterraform",
            "reverse_fqdn": null,
            "sku": "Basic",
            "sku_tier": "Regional",
            "tags": {
              "environment": "Production"
            },
            "timeouts": null,
            "zones": []
          },
          "sensitive_attributes": [],
          "private": "eyJlMmJmYjczMC1lY2FhLTExZTYtOGY4OC0zNDM2M2JjN2M0YzAiOnsiY3JlYXRlIjoxODAwMDAwMDAwMDAwLCJkZWxldGUiOjE4MDAwMDAwMDAwMDAsInJlYWQiOjMwMDAwMDAwMDAwMCwidXBkYXRlIjoxODAwMDAwMDAwMDAwfX0=",
          "dependencies": [
            "azurerm_resource_group.rg-aulainfracould"
          ]
        }
      ]
    },
    {
      "mode": "managed",
      "type": "azurerm_resource_group",
      "name": "rg-aulainfracould",
      "provider": "provider[\"registry.terraform.io/hashicorp/azurerm\"]",
      "instances": [
        {
          "schema_version": 0,
          "attributes": {
            "id": "/subscriptions/26c78c87-bb2a-41aa-98d6-c27e62abcfb8/resourceGroups/aulainfracloudterraform",
            "location": "australiaeast",
            "name": "aulainfracloudterraform",
            "tags": {},
            "timeouts": null
          },
          "sensitive_attributes": [],
          "private": "eyJlMmJmYjczMC1lY2FhLTExZTYtOGY4OC0zNDM2M2JjN2M0YzAiOnsiY3JlYXRlIjo1NDAwMDAwMDAwMDAwLCJkZWxldGUiOjU0MDAwMDAwMDAwMDAsInJlYWQiOjMwMDAwMDAwMDAwMCwidXBkYXRlIjo1NDAwMDAwMDAwMDAwfX0="
        }
      ]
    },
    {
      "mode": "managed",
      "type": "azurerm_subnet",
      "name": "sub-exercicio-infra",
      "provider": "provider[\"registry.terraform.io/hashicorp/azurerm\"]",
      "instances": [
        {
          "schema_version": 0,
          "attributes": {
            "address_prefixes": [
              "10.0.1.0/24"
            ],
            "delegation": [],
            "enforce_private_link_endpoint_network_policies": false,
            "enforce_private_link_service_network_policies": false,
            "id": "/subscriptions/26c78c87-bb2a-41aa-98d6-c27e62abcfb8/resourceGroups/aulainfracloudterraform/providers/Microsoft.Network/virtualNetworks/vnet-auexercicio/subnets/sub-exercicio",
            "name": "sub-exercicio",
            "resource_group_name": "aulainfracloudterraform",
            "service_endpoint_policy_ids": [],
            "service_endpoints": [],
            "timeouts": null,
            "virtual_network_name": "vnet-auexercicio"
          },
          "sensitive_attributes": [],
          "private": "eyJlMmJmYjczMC1lY2FhLTExZTYtOGY4OC0zNDM2M2JjN2M0YzAiOnsiY3JlYXRlIjoxODAwMDAwMDAwMDAwLCJkZWxldGUiOjE4MDAwMDAwMDAwMDAsInJlYWQiOjMwMDAwMDAwMDAwMCwidXBkYXRlIjoxODAwMDAwMDAwMDAwfX0=",
          "dependencies": [
            "azurerm_resource_group.rg-aulainfracould",
            "azurerm_virtual_network.vnet-aula-infra-cloud"
          ]
        }
      ]
    },
    {
      "mode": "managed",
      "type": "azurerm_virtual_machine",
      "name": "vmaulainfra",
      "provider": "provider[\"registry.terraform.io/hashicorp/azurerm\"]",
      "instances": [
        {
          "schema_version": 0,
          "attributes": {
            "additional_capabilities": [],
            "availability_set_id": null,
            "boot_diagnostics": [],
            "delete_data_disks_on_termination": false,
            "delete_os_disk_on_termination": false,
            "id": "/subscriptions/26c78c87-bb2a-41aa-98d6-c27e62abcfb8/resourceGroups/aulainfracloudterraform/providers/Microsoft.Compute/virtualMachines/vmaula",
            "identity": [],
            "license_type": null,
            "location": "australiaeast",
            "name": "vmaula",
            "network_interface_ids": [
              "/subscriptions/26c78c87-bb2a-41aa-98d6-c27e62abcfb8/resourceGroups/aulainfracloudterraform/providers/Microsoft.Network/networkInterfaces/nic-ex-infra"
            ],
            "os_profile": [
              {
                "admin_password": "",
                "admin_username": "testeadmin",
                "computer_name": "hostname",
                "custom_data": ""
              }
            ],
            "os_profile_linux_config": [
              {
                "disable_password_authentication": false,
                "ssh_keys": []
              }
            ],
            "os_profile_secrets": [],
            "os_profile_windows_config": [],
            "plan": [],
            "primary_network_interface_id": null,
            "proximity_placement_group_id": null,
            "resource_group_name": "aulainfracloudterraform",
            "storage_data_disk": [],
            "storage_image_reference": [
              {
                "id": "",
                "offer": "UbuntuServer",
                "publisher": "Canonical",
                "sku": "16.04-LTS",
                "version": "latest"
              }
            ],
            "storage_os_disk": [
              {
                "caching": "ReadWrite",
                "create_option": "FromImage",
                "disk_size_gb": 30,
                "image_uri": "",
                "managed_disk_id": "/subscriptions/26c78c87-bb2a-41aa-98d6-c27e62abcfb8/resourceGroups/aulainfracloudterraform/providers/Microsoft.Compute/disks/myosdisk1",
                "managed_disk_type": "Standard_LRS",
                "name": "myosdisk1",
                "os_type": "Linux",
                "vhd_uri": "",
                "write_accelerator_enabled": false
              }
            ],
            "tags": {
              "environment": "staging"
            },
            "timeouts": null,
            "vm_size": "Standard_DS1_v2",
            "zones": []
          },
          "sensitive_attributes": [],
          "private": "eyJlMmJmYjczMC1lY2FhLTExZTYtOGY4OC0zNDM2M2JjN2M0YzAiOnsiY3JlYXRlIjozNjAwMDAwMDAwMDAwLCJkZWxldGUiOjM2MDAwMDAwMDAwMDAsInJlYWQiOjMwMDAwMDAwMDAwMCwidXBkYXRlIjozNjAwMDAwMDAwMDAwfX0=",
          "dependencies": [
            "azurerm_network_interface.nic-ex-infra",
            "azurerm_public_ip.IP_Infra",
            "azurerm_resource_group.rg-aulainfracould",
            "azurerm_subnet.sub-exercicio-infra",
            "azurerm_virtual_network.vnet-aula-infra-cloud"
          ]
        }
      ]
    },
    {
      "mode": "managed",
      "type": "azurerm_virtual_network",
      "name": "vnet-aula-infra-cloud",
      "provider": "provider[\"registry.terraform.io/hashicorp/azurerm\"]",
      "instances": [
        {
          "schema_version": 0,
          "attributes": {
            "address_space": [
              "10.0.0.0/16"
            ],
            "bgp_community": "",
            "ddos_protection_plan": [],
            "dns_servers": [],
            "edge_zone": "",
            "flow_timeout_in_minutes": 0,
            "guid": "768a5a9e-2d1e-4777-b6a2-ebfc45aeef80",
            "id": "/subscriptions/26c78c87-bb2a-41aa-98d6-c27e62abcfb8/resourceGroups/aulainfracloudterraform/providers/Microsoft.Network/virtualNetworks/vnet-auexercicio",
            "location": "australiaeast",
            "name": "vnet-auexercicio",
            "resource_group_name": "aulainfracloudterraform",
            "subnet": [
              {
                "address_prefix": "10.0.1.0/24",
                "id": "/subscriptions/26c78c87-bb2a-41aa-98d6-c27e62abcfb8/resourceGroups/aulainfracloudterraform/providers/Microsoft.Network/virtualNetworks/vnet-auexercicio/subnets/sub-exercicio",
                "name": "sub-exercicio",
                "security_group": ""
              }
            ],
            "tags": {
              "environment": "Production",
              "tema": "exercicio",
              "turma": "es22"
            },
            "timeouts": null
          },
          "sensitive_attributes": [],
          "private": "eyJlMmJmYjczMC1lY2FhLTExZTYtOGY4OC0zNDM2M2JjN2M0YzAiOnsiY3JlYXRlIjoxODAwMDAwMDAwMDAwLCJkZWxldGUiOjE4MDAwMDAwMDAwMDAsInJlYWQiOjMwMDAwMDAwMDAwMCwidXBkYXRlIjoxODAwMDAwMDAwMDAwfX0=",
          "dependencies": [
            "azurerm_resource_group.rg-aulainfracould"
          ]
        }
      ]
    },
    {
      "mode": "managed",
      "type": "null_resource",
      "name": "install-apache",
      "provider": "provider[\"registry.terraform.io/hashicorp/null\"]",
      "instances": [
        {
          "schema_version": 0,
          "attributes": {
            "id": "691916400",
            "triggers": null
          },
          "sensitive_attributes": [],
          "private": "bnVsbA==",
          "dependencies": [
            "azurerm_network_interface.nic-ex-infra",
            "azurerm_public_ip.IP_Infra",
            "azurerm_resource_group.rg-aulainfracould",
            "azurerm_subnet.sub-exercicio-infra",
            "azurerm_virtual_machine.vmaulainfra",
            "azurerm_virtual_network.vnet-aula-infra-cloud",
            "data.azurerm_public_ip.IP-exe"
          ]
        }
      ]
    },
    {
      "mode": "managed",
      "type": "null_resource",
      "name": "upload-app",
      "provider": "provider[\"registry.terraform.io/hashicorp/null\"]",
      "instances": [
        {
          "status": "tainted",
          "schema_version": 0,
          "attributes": {
            "id": "2118060784",
            "triggers": null
          },
          "sensitive_attributes": [],
          "private": "bnVsbA==",
          "dependencies": [
            "azurerm_virtual_machine.vmaulainfra",
            "data.azurerm_public_ip.IP-exe"
          ]
        }
      ]
    }
  ]
}
